github.com/Motmedel/utils_go v1.11.0 h1:KoLlLxZI6CwX4nMhxh5pVUkwdMpAuj+FTQ6flhb8/OQ=
github.com/Motmedel/utils_go v1.11.0/go.mod h1:r5Nl3i+FpESAlX3HiHLxuYLU9+Y4UFfaBeQ2qYs5SbY=
github.com/altshiftab/gcp_utils v1.1.1 h1:RswxQbMebIGbeVWr6zbvRTSDutoy9d115wAZNhRasYA=
github.com/altshiftab/gcp_utils v1.1.1/go.mod h1:uzIb69P0tm1z/p/snwzkw3kpCjFdA6mkiJgt18HDqGs=
github.com/andybalholm/brotli v1.2.2 h1:HzTuoo2ErYQqf5qvcJInB8uvqSVxRttzkFexPWtnceM=
github.com/andybalholm/brotli v1.2.2/go.mod h1:rzTDkvFWvIrjDXZHkuS16NPggd91W3kUSvPlQ1pLaKY=
github.com/xyproto/randomstring v1.0.5 h1:YtlWPoRdgMu3NZtP45drfy1GKoojuR7hmRcnhZqKjWU=
github.com/xyproto/randomstring v1.0.5/go.mod h1:rgmS5DeNXLivK7YprL0pY+lTuhNQW3iGxZ18UQApw/E=
